
Microsoft Visual Studio Solution File, Format Version 12.00
# Visual Studio Version 16
VisualStudioVersion = 16.0.31515.178
MinimumVisualStudioVersion = 10.0.40219.1
Project("{FAE04EC0-301F-11D3-BF4B-00C04F79EFBC}") = "test3", "test3\test3.csproj", "{FF350F63-C3C0-4484-92A5-462FC60844D2}"
EndProject
Global
	GlobalSection(SolutionConfigurationPlatforms) = preSolution
		Debug|Any CPU = Debug|Any CPU
		Release|Any CPU = Release|Any CPU
	EndGlobalSection
	GlobalSection(ProjectConfigurationPlatforms) = postSolution
		{FF350F63-C3C0-4484-92A5-462FC60844D2}.Debug|Any CPU.ActiveCfg = Debug|Any CPU
		{FF350F63-C3C0-4484-92A5-462FC60844D2}.Debug|Any CPU.Build.0 = Debug|Any CPU
		{FF350F63-C3C0-4484-92A5-462FC60844D2}.Release|Any CPU.ActiveCfg = Release|Any CPU
		{FF350F63-C3C0-4484-92A5-462FC60844D2}.Release|Any CPU.Build.0 = Release|Any CPU
	EndGlobalSection
	GlobalSection(SolutionProperties) = preSolution
		HideSolutionNode = FALSE
	EndGlobalSection
	GlobalSection(ExtensibilityGlobals) = postSolution
		SolutionGuid = {D58CE569-779B-4DD0-ABA8-1B7D0AA64BD5}
	EndGlobalSection
EndGlobal
